Microsoft Visual Studio Solution File, Format Version 12.00
# Visual Studio 2012
Project("{FAE04EC0-301F-11D3-BF4B-00C04F79EFBC}") = "2-Do-List", "2-Do-List.csproj", "{7160B481-7B80-49AC-9666-374EF8E44E5E}"
EndProject
Global
	GlobalSection(SolutionConfigurationPlatforms) = preSolution
	Debug|Any CPU = Debug|Any CPU
	ExportDebug|Any CPU = ExportDebug|Any CPU
	ExportRelease|Any CPU = ExportRelease|Any CPU
	EndGlobalSection
	GlobalSection(ProjectConfigurationPlatforms) = postSolution
		{7160B481-7B80-49AC-9666-374EF8E44E5E}.Debug|Any CPU.ActiveCfg = Debug|Any CPU
		{7160B481-7B80-49AC-9666-374EF8E44E5E}.Debug|Any CPU.Build.0 = Debug|Any CPU
		{7160B481-7B80-49AC-9666-374EF8E44E5E}.ExportDebug|Any CPU.ActiveCfg = ExportDebug|Any CPU
		{7160B481-7B80-49AC-9666-374EF8E44E5E}.ExportDebug|Any CPU.Build.0 = ExportDebug|Any CPU
		{7160B481-7B80-49AC-9666-374EF8E44E5E}.ExportRelease|Any CPU.ActiveCfg = ExportRelease|Any CPU
		{7160B481-7B80-49AC-9666-374EF8E44E5E}.ExportRelease|Any CPU.Build.0 = ExportRelease|Any CPU
	EndGlobalSection
EndGlobal
